
Microsoft Visual Studio Solution File, Format Version 12.00
# Visual Studio Version 16
VisualStudioVersion = 16.0.30204.135
MinimumVisualStudioVersion = 10.0.40219.1
Project("{8BC9CEB8-8B4A-11D0-8D11-00A0C91BC942}") = "CUDA_GETDeviceCount", "CUDA_GETDeviceCount.vcxproj", "{01AE8D95-DA1A-4212-B786-05596B5D8B6E}"
EndProject
Global
	GlobalSection(SolutionConfigurationPlatforms) = preSolution
		Debug|x64 = Debug|x64
		Release|x64 = Release|x64
	EndGlobalSection
	GlobalSection(ProjectConfigurationPlatforms) = postSolution
		{01AE8D95-DA1A-4212-B786-05596B5D8B6E}.Debug|x64.ActiveCfg = Debug|x64
		{01AE8D95-DA1A-4212-B786-05596B5D8B6E}.Debug|x64.Build.0 = Debug|x64
		{01AE8D95-DA1A-4212-B786-05596B5D8B6E}.Release|x64.ActiveCfg = Release|x64
		{01AE8D95-DA1A-4212-B786-05596B5D8B6E}.Release|x64.Build.0 = Release|x64
	EndGlobalSection
	GlobalSection(SolutionProperties) = preSolution
		HideSolutionNode = FALSE
	EndGlobalSection
	GlobalSection(ExtensibilityGlobals) = postSolution
		SolutionGuid = {1BD0CC1D-2DC7-4E34-B09E-83D38A7D5279}
	EndGlobalSection
EndGlobal
